
Microsoft Visual Studio Solution File, Format Version 12.00
# Visual Studio 15
VisualStudioVersion = 15.0.27130.2027
MinimumVisualStudioVersion = 10.0.40219.1
Project("{FAE04EC0-301F-11D3-BF4B-00C04F79EFBC}") = "MySimleEditor", "MySimleEditor\MySimleEditor.csproj", "{40E9A63A-7945-4662-9268-0E7BE2E37DDF}"
EndProject
Global
	GlobalSection(SolutionConfigurationPlatforms) = preSolution
		Debug|Any CPU = Debug|Any CPU
		Release|Any CPU = Release|Any CPU
	EndGlobalSection
	GlobalSection(ProjectConfigurationPlatforms) = postSolution
		{40E9A63A-7945-4662-9268-0E7BE2E37DDF}.Debug|Any CPU.ActiveCfg = Debug|Any CPU
		{40E9A63A-7945-4662-9268-0E7BE2E37DDF}.Debug|Any CPU.Build.0 = Debug|Any CPU
		{40E9A63A-7945-4662-9268-0E7BE2E37DDF}.Release|Any CPU.ActiveCfg = Release|Any CPU
		{40E9A63A-7945-4662-9268-0E7BE2E37DDF}.Release|Any CPU.Build.0 = Release|Any CPU
	EndGlobalSection
	GlobalSection(SolutionProperties) = preSolution
		HideSolutionNode = FALSE
	EndGlobalSection
	GlobalSection(ExtensibilityGlobals) = postSolution
		SolutionGuid = {AB3E477D-92A2-4C13-AEEC-C31B9AD53C49}
	EndGlobalSection
EndGlobal
